
Microsoft Visual Studio Solution File, Format Version 12.00
Project("{FAE04EC0-301F-11D3-BF4B-00C04F79EFBC}") = "JiraDataFetcher", "JiraDataFetcher\JiraDataFetcher.csproj", "{22F516BF-47E7-46F2-9334-B997C6912688}"
EndProject
Global
	GlobalSection(SolutionConfigurationPlatforms) = preSolution
		Debug|Any CPU = Debug|Any CPU
		Release|Any CPU = Release|Any CPU
	EndGlobalSection
	GlobalSection(ProjectConfigurationPlatforms) = postSolution
		{22F516BF-47E7-46F2-9334-B997C6912688}.Debug|Any CPU.ActiveCfg = Debug|Any CPU
		{22F516BF-47E7-46F2-9334-B997C6912688}.Debug|Any CPU.Build.0 = Debug|Any CPU
		{22F516BF-47E7-46F2-9334-B997C6912688}.Release|Any CPU.ActiveCfg = Release|Any CPU
		{22F516BF-47E7-46F2-9334-B997C6912688}.Release|Any CPU.Build.0 = Release|Any CPU
	EndGlobalSection
EndGlobal
